// !$*UTF8*$!
{
	archiveVersion = 1;
	classes = {
	};
	objectVersion = 46;
	objects = {

/* Begin PBXBuildFile section */
		9FB769CF1CF499BC00FF6CFF /* AppDelegate.swift in Sources */ = {isa = PBXBuildFile; fileRef = 9FB769CE1CF499BC00FF6CFF /* AppDelegate.swift */; };
		9FB769D41CF499BC00FF6CFF /* Main.storyboard in Resources */ = {isa = PBXBuildFile; fileRef = 9FB769D21CF499BC00FF6CFF /* Main.storyboard */; };
		9FB769D61CF499BC00FF6CFF /* Assets.xcassets in Resources */ = {isa = PBXBuildFile; fileRef = 9FB769D51CF499BC00FF6CFF /* Assets.xcassets */; };
		9FB769D91CF499BC00FF6CFF /* LaunchScreen.storyboard in Resources */ = {isa = PBXBuildFile; fileRef = 9FB769D71CF499BC00FF6CFF /* LaunchScreen.storyboard */; };
		9FB769E11CF49A9100FF6CFF /* DiceCollectionViewController.swift in Sources */ = {isa = PBXBuildFile; fileRef = 9FB769E01CF49A9100FF6CFF /* DiceCollectionViewController.swift */; };
		9FB769E51CF49CE000FF6CFF /* Die.swift in Sources */ = {isa = PBXBuildFile; fileRef = 9FB769E41CF49CE000FF6CFF /* Die.swift */; };
		9FB769E71CF4A23A00FF6CFF /* DCVC+Delegate.swift in Sources */ = {isa = PBXBuildFile; fileRef = 9FB769E61CF4A23A00FF6CFF /* DCVC+Delegate.swift */; };
		9FB769E91CF4A78A00FF6CFF /* DCVC+datasource.swift in Sources */ = {isa = PBXBuildFile; fileRef = 9FB769E81CF4A78A00FF6CFF /* DCVC+datasource.swift */; };
		9FB769EB1CF53C9B00FF6CFF /* HeaderView.swift in Sources */ = {isa = PBXBuildFile; fileRef = 9FB769EA1CF53C9B00FF6CFF /* HeaderView.swift */; };
/* End PBXBuildFile section */

/* Begin PBXFileReference section */
		9FB769CB1CF499BC00FF6CFF /* DiceRoller.app */ = {isa = PBXFileReference; explicitFileType = wrapper.application; includeInIndex = 0; path = DiceRoller.app; sourceTree = BUILT_PRODUCTS_DIR; };
		9FB769CE1CF499BC00FF6CFF /* AppDelegate.swift */ = {isa = PBXFileReference; lastKnownFileType = sourcecode.swift; path = AppDelegate.swift; sourceTree = "<group>"; };
		9FB769D31CF499BC00FF6CFF /* Base */ = {isa = PBXFileReference; lastKnownFileType = file.storyboard; name = Base; path = Base.lproj/Main.storyboard; sourceTree = "<group>"; };
		9FB769D51CF499BC00FF6CFF /* Assets.xcassets */ = {isa = PBXFileReference; lastKnownFileType = folder.assetcatalog; path = Assets.xcassets; sourceTree = "<group>"; };
		9FB769D81CF499BC00FF6CFF /* Base */ = {isa = PBXFileReference; lastKnownFileType = file.storyboard; name = Base; path = Base.lproj/LaunchScreen.storyboard; sourceTree = "<group>"; };
		9FB769DA1CF499BC00FF6CFF /* Info.plist */ = {isa = PBXFileReference; lastKnownFileType = text.plist.xml; path = Info.plist; sourceTree = "<group>"; };
		9FB769E01CF49A9100FF6CFF /* DiceCollectionViewController.swift */ = {isa = PBXFileReference; fileEncoding = 4; lastKnownFileType = sourcecode.swift; name = DiceCollectionViewController.swift; path = ../DiceCollectionViewController.swift; sourceTree = "<group>"; };
		9FB769E41CF49CE000FF6CFF /* Die.swift */ = {isa = PBXFileReference; fileEncoding = 4; lastKnownFileType = sourcecode.swift; name = Die.swift; path = ../Die.swift; sourceTree = "<group>"; };
		9FB769E61CF4A23A00FF6CFF /* DCVC+Delegate.swift */ = {isa = PBXFileReference; fileEncoding = 4; lastKnownFileType = sourcecode.swift; path = "DCVC+Delegate.swift"; sourceTree = "<group>"; };
		9FB769E81CF4A78A00FF6CFF /* DCVC+datasource.swift */ = {isa = PBXFileReference; fileEncoding = 4; lastKnownFileType = sourcecode.swift; path = "DCVC+datasource.swift"; sourceTree = "<group>"; };
		9FB769EA1CF53C9B00FF6CFF /* HeaderView.swift */ = {isa = PBXFileReference; fileEncoding = 4; lastKnownFileType = sourcecode.swift; path = HeaderView.swift; sourceTree = "<group>"; };
/* End PBXFileReference section */

/* Begin PBXFrameworksBuildPhase section */
		9FB769C81CF499BC00FF6CFF /* Frameworks */ = {
			isa = PBXFrameworksBuildPhase;
			buildActionMask = 2147483647;
			files = (
			);
			runOnlyForDeploymentPostprocessing = 0;
		};
/* End PBXFrameworksBuildPhase section */

/* Begin PBXGroup section */
		9F226A911CF7764B0013D078 /* Model */ = {
			isa = PBXGroup;
			children = (
				9FB769E41CF49CE000FF6CFF /* Die.swift */,
				9FB769E01CF49A9100FF6CFF /* DiceCollectionViewController.swift */,
				9FB769E81CF4A78A00FF6CFF /* DCVC+datasource.swift */,
				9FB769E61CF4A23A00FF6CFF /* DCVC+Delegate.swift */,
				9FB769EA1CF53C9B00FF6CFF /* HeaderView.swift */,
				9FB769CE1CF499BC00FF6CFF /* AppDelegate.swift */,
			);
			name = Model;
			sourceTree = "<group>";
		};
		9F226A921CF7765F0013D078 /* View */ = {
			isa = PBXGroup;
			children = (
				9FB769D21CF499BC00FF6CFF /* Main.storyboard */,
			);
			name = View;
			sourceTree = "<group>";
		};
		9FB769C21CF499BC00FF6CFF = {
			isa = PBXGroup;
			children = (
				9FB769CD1CF499BC00FF6CFF /* DiceRoller */,
				9FB769CC1CF499BC00FF6CFF /* Products */,
			);
			sourceTree = "<group>";
		};
		9FB769CC1CF499BC00FF6CFF /* Products */ = {
			isa = PBXGroup;
			children = (
				9FB769CB1CF499BC00FF6CFF /* DiceRoller.app */,
			);
			name = Products;
			sourceTree = "<group>";
		};
		9FB769CD1CF499BC00FF6CFF /* DiceRoller */ = {
			isa = PBXGroup;
			children = (
				9F226A911CF7764B0013D078 /* Model */,
				9F226A921CF7765F0013D078 /* View */,
				9FB769D51CF499BC00FF6CFF /* Assets.xcassets */,
				9FB769D71CF499BC00FF6CFF /* LaunchScreen.storyboard */,
				9FB769DA1CF499BC00FF6CFF /* Info.plist */,
			);
			path = DiceRoller;
			sourceTree = "<group>";
		};
/* End PBXGroup section */

/* Begin PBXNativeTarget section */
		9FB769CA1CF499BC00FF6CFF /* DiceRoller */ = {
			isa = PBXNativeTarget;
			buildConfigurationList = 9FB769DD1CF499BC00FF6CFF /* Build configuration list for PBXNativeTarget "DiceRoller" */;
			buildPhases = (
				9FB769C71CF499BC00FF6CFF /* Sources */,
				9FB769C81CF499BC00FF6CFF /* Frameworks */,
				9FB769C91CF499BC00FF6CFF /* Resources */,
			);
			buildRules = (
			);
			dependencies = (
			);
			name = DiceRoller;
			productName = DiceRoller;
			productReference = 9FB769CB1CF499BC00FF6CFF /* DiceRoller.app */;
			productType = "com.apple.product-type.application";
		};
/* End PBXNativeTarget section */

/* Begin PBXProject section */
		9FB769C31CF499BC00FF6CFF /* Project object */ = {
			isa = PBXProject;
			attributes = {
				LastSwiftUpdateCheck = 0730;
				LastUpgradeCheck = 0730;
				ORGANIZATIONNAME = "Allen Spicer";
				TargetAttributes = {
					9FB769CA1CF499BC00FF6CFF = {
						CreatedOnToolsVersion = 7.3;
						DevelopmentTeam = QS2H85Z9GF;
					};
				};
			};
			buildConfigurationList = 9FB769C61CF499BC00FF6CFF /* Build configuration list for PBXProject "DiceRoller" */;
			compatibilityVersion = "Xcode 3.2";
			developmentRegion = English;
			hasScannedForEncodings = 0;
			knownRegions = (
				en,
				Base,
			);
			mainGroup = 9FB769C21CF499BC00FF6CFF;
			productRefGroup = 9FB769CC1CF499BC00FF6CFF /* Products */;
			projectDirPath = "";
			projectRoot = "";
			targets = (
				9FB769CA1CF499BC00FF6CFF /* DiceRoller */,
			);
		};
/* End PBXProject section */

/* Begin PBXResourcesBuildPhase section */
		9FB769C91CF499BC00FF6CFF /* Resources */ = {
			isa = PBXResourcesBuildPhase;
			buildActionMask = 2147483647;
			files = (
				9FB769D91CF499BC00FF6CFF /* LaunchScreen.storyboard in Resources */,
				9FB769D61CF499BC00FF6CFF /* Assets.xcassets in Resources */,
				9FB769D41CF499BC00FF6CFF /* Main.storyboard in Resources */,
			);
			runOnlyForDeploymentPostprocessing = 0;
		};
/* End PBXResourcesBuildPhase section */

/* Begin PBXSourcesBuildPhase section */
		9FB769C71CF499BC00FF6CFF /* Sources */ = {
			isa = PBXSourcesBuildPhase;
			buildActionMask = 2147483647;
			files = (
				9FB769E71CF4A23A00FF6CFF /* DCVC+Delegate.swift in Sources */,
				9FB769EB1CF53C9B00FF6CFF /* HeaderView.swift in Sources */,
				9FB769E91CF4A78A00FF6CFF /* DCVC+datasource.swift in Sources */,
				9FB769CF1CF499BC00FF6CFF /* AppDelegate.swift in Sources */,
				9FB769E11CF49A9100FF6CFF /* DiceCollectionViewController.swift in Sources */,
				9FB769E51CF49CE000FF6CFF /* Die.swift in Sources */,
			);
			runOnlyForDeploymentPostprocessing = 0;
		};
/* End PBXSourcesBuildPhase section */

/* Begin PBXVariantGroup section */
		9FB769D21CF499BC00FF6CFF /* Main.storyboard */ = {
			isa = PBXVariantGroup;
			children = (
				9FB769D31CF499BC00FF6CFF /* Base */,
			);
			name = Main.storyboard;
			sourceTree = "<group>";
		};
		9FB769D71CF499BC00FF6CFF /* LaunchScreen.storyboard */ = {
			isa = PBXVariantGroup;
			children = (
				9FB769D81CF499BC00FF6CFF /* Base */,
			);
			name = LaunchScreen.storyboard;
			sourceTree = "<group>";
		};
/* End PBXVariantGroup section */

/* Begin XCBuildConfiguration section */
		9FB769DB1CF499BC00FF6CFF /* Debug */ = {
			isa = XCBuildConfiguration;
			buildSettings = {
				ALWAYS_SEARCH_USER_PATHS = NO;
				CLANG_ANALYZER_NONNULL = YES;
				CLANG_CXX_LANGUAGE_STANDARD = "gnu++0x";
				CLANG_CXX_LIBRARY = "libc++";
				CLANG_ENABLE_MODULES = YES;
				CLANG_ENABLE_OBJC_ARC = YES;
				CLANG_WARN_BOOL_CONVERSION = YES;
				CLANG_WARN_CONSTANT_CONVERSION = YES;
				CLANG_WARN_DIRECT_OBJC_ISA_USAGE = YES_ERROR;
				CLANG_WARN_EMPTY_BODY = YES;
				CLANG_WARN_ENUM_CONVERSION = YES;
				CLANG_WARN_INT_CONVERSION = YES;
				CLANG_WARN_OBJC_ROOT_CLASS = YES_ERROR;
				CLANG_WARN_UNREACHABLE_CODE = YES;
				CLANG_WARN__DUPLICATE_METHOD_MATCH = YES;
				"CODE_SIGN_IDENTITY[sdk=iphoneos*]" = "iPhone Developer";
				COPY_PHASE_STRIP = NO;
				DEBUG_INFORMATION_FORMAT = dwarf;
				ENABLE_STRICT_OBJC_MSGSEND = YES;
				ENABLE_TESTABILITY = YES;
				GCC_C_LANGUAGE_STANDARD = gnu99;
				GCC_DYNAMIC_NO_PIC = NO;
				GCC_NO_COMMON_BLOCKS = YES;
				GCC_OPTIMIZATION_LEVEL = 0;
				GCC_PREPROCESSOR_DEFINITIONS = (
					"DEBUG=1",
					"$(inherited)",
				);
				GCC_WARN_64_TO_32_BIT_CONVERSION = YES;
				GCC_WARN_ABOUT_RETURN_TYPE = YES_ERROR;
				GCC_WARN_UNDECLARED_SELECTOR = YES;
				GCC_WARN_UNINITIALIZED_AUTOS = YES_AGGRESSIVE;
				GCC_WARN_UNUSED_FUNCTION = YES;
				GCC_WARN_UNUSED_VARIABLE = YES;
				IPHONEOS_DEPLOYMENT_TARGET = 9.3;
				MTL_ENABLE_DEBUG_INFO = YES;
				ONLY_ACTIVE_ARCH = YES;
				SDKROOT = iphoneos;
				SWIFT_OPTIMIZATION_LEVEL = "-Onone";
				TARGETED_DEVICE_FAMILY = "1,2";
			};
			name = Debug;
		};
		9FB769DC1CF499BC00FF6CFF /* Release */ = {
			isa = XCBuildConfiguration;
			buildSettings = {
				ALWAYS_SEARCH_USER_PATHS = NO;
				CLANG_ANALYZER_NONNULL = YES;
				CLANG_CXX_LANGUAGE_STANDARD = "gnu++0x";
				CLANG_CXX_LIBRARY = "libc++";
				CLANG_ENABLE_MODULES = YES;
				CLANG_ENABLE_OBJC_ARC = YES;
				CLANG_WARN_BOOL_CONVERSION = YES;
				CLANG_WARN_CONSTANT_CONVERSION = YES;
				CLANG_WARN_DIRECT_OBJC_ISA_USAGE = YES_ERROR;
				CLANG_WARN_EMPTY_BODY = YES;
				CLANG_WARN_ENUM_CONVERSION = YES;
				CLANG_WARN_INT_CONVERSION = YES;
				CLANG_WARN_OBJC_ROOT_CLASS = YES_ERROR;
				CLANG_WARN_UNREACHABLE_CODE = YES;
				CLANG_WARN__DUPLICATE_METHOD_MATCH = YES;
				"CODE_SIGN_IDENTITY[sdk=iphoneos*]" = "iPhone Developer";
				COPY_PHASE_STRIP = NO;
				DEBUG_INFORMATION_FORMAT = "dwarf-with-dsym";
				ENABLE_NS_ASSERTIONS = NO;
				ENABLE_STRICT_OBJC_MSGSEND = YES;
				GCC_C_LANGUAGE_STANDARD = gnu99;
				GCC_NO_COMMON_BLOCKS = YES;
				GCC_WARN_64_TO_32_BIT_CONVERSION = YES;
				GCC_WARN_ABOUT_RETURN_TYPE = YES_ERROR;
				GCC_WARN_UNDECLARED_SELECTOR = YES;
				GCC_WARN_UNINITIALIZED_AUTOS = YES_AGGRESSIVE;
				GCC_WARN_UNUSED_FUNCTION = YES;
				GCC_WARN_UNUSED_VARIABLE = YES;
				IPHONEOS_DEPLOYMENT_TARGET = 9.3;
				MTL_ENABLE_DEBUG_INFO = NO;
				SDKROOT = iphoneos;
				TARGETED_DEVICE_FAMILY = "1,2";
				VALIDATE_PRODUCT = YES;
			};
			name = Release;
		};
		9FB769DE1CF499BC00FF6CFF /* Debug */ = {
			isa = XCBuildConfiguration;
			buildSettings = {
				ASSETCATALOG_COMPILER_APPICON_NAME = AppIcon;
				CODE_SIGN_IDENTITY = "iPhone Developer";
				INFOPLIST_FILE = DiceRoller/Info.plist;
				LD_RUNPATH_SEARCH_PATHS = "$(inherited) @executable_path/Frameworks";
				PRODUCT_BUNDLE_IDENTIFIER = com.Trial.DiceRoller;
				PRODUCT_NAME = "$(TARGET_NAME)";
			};
			name = Debug;
		};
		9FB769DF1CF499BC00FF6CFF /* Release */ = {
			isa = XCBuildConfiguration;
			buildSettings = {
				ASSETCATALOG_COMPILER_APPICON_NAME = AppIcon;
				CODE_SIGN_IDENTITY = "iPhone Developer";
				INFOPLIST_FILE = DiceRoller/Info.plist;
				LD_RUNPATH_SEARCH_PATHS = "$(inherited) @executable_path/Frameworks";
				PRODUCT_BUNDLE_IDENTIFIER = com.Trial.DiceRoller;
				PRODUCT_NAME = "$(TARGET_NAME)";
			};
			name = Release;
		};
/* End XCBuildConfiguration section */

/* Begin XCConfigurationList section */
		9FB769C61CF499BC00FF6CFF /* Build configuration list for PBXProject "DiceRoller" */ = {
			isa = XCConfigurationList;
			buildConfigurations = (
				9FB769DB1CF499BC00FF6CFF /* Debug */,
				9FB769DC1CF499BC00FF6CFF /* Release */,
			);
			defaultConfigurationIsVisible = 0;
			defaultConfigurationName = Release;
		};
		9FB769DD1CF499BC00FF6CFF /* Build configuration list for PBXNativeTarget "DiceRoller" */ = {
			isa = XCConfigurationList;
			buildConfigurations = (
				9FB769DE1CF499BC00FF6CFF /* Debug */,
				9FB769DF1CF499BC00FF6CFF /* Release */,
			);
			defaultConfigurationIsVisible = 0;
			defaultConfigurationName = Release;
		};
/* End XCConfigurationList section */
	};
	rootObject = 9FB769C31CF499BC00FF6CFF /* Project object */;
}
